
Microsoft Visual Studio Solution File, Format Version 12.00
# Visual Studio Version 17
VisualStudioVersion = 17.3.32819.101
MinimumVisualStudioVersion = 10.0.40219.1
Project("{9A19103F-16F7-4668-BE54-9A1E7A4F7556}") = "Core_Project", "Core_Project\Core_Project.csproj", "{5438B193-15AD-425E-8FD8-74F289512130}"
EndProject
Project("{9A19103F-16F7-4668-BE54-9A1E7A4F7556}") = "BusinessLayer", "BusinessLayer\BusinessLayer.csproj", "{9394BCDA-B9C4-4287-9DAD-C59D816CBD0E}"
EndProject
Project("{9A19103F-16F7-4668-BE54-9A1E7A4F7556}") = "DataAccessLayer", "DataAccessLayer\DataAccessLayer.csproj", "{01978962-D5BE-4606-99C8-C5BD72AB0212}"
EndProject
Project("{9A19103F-16F7-4668-BE54-9A1E7A4F7556}") = "EntityLayer", "EntityLayer\EntityLayer.csproj", "{03EFF385-037D-4B37-92B7-C4E7CAB96E0E}"
EndProject
Global
	GlobalSection(SolutionConfigurationPlatforms) = preSolution
		Debug|Any CPU = Debug|Any CPU
		Release|Any CPU = Release|Any CPU
	EndGlobalSection
	GlobalSection(ProjectConfigurationPlatforms) = postSolution
		{5438B193-15AD-425E-8FD8-74F289512130}.Debug|Any CPU.ActiveCfg = Debug|Any CPU
		{5438B193-15AD-425E-8FD8-74F289512130}.Debug|Any CPU.Build.0 = Debug|Any CPU
		{5438B193-15AD-425E-8FD8-74F289512130}.Release|Any CPU.ActiveCfg = Release|Any CPU
		{5438B193-15AD-425E-8FD8-74F289512130}.Release|Any CPU.Build.0 = Release|Any CPU
		{9394BCDA-B9C4-4287-9DAD-C59D816CBD0E}.Debug|Any CPU.ActiveCfg = Debug|Any CPU
		{9394BCDA-B9C4-4287-9DAD-C59D816CBD0E}.Debug|Any CPU.Build.0 = Debug|Any CPU
		{9394BCDA-B9C4-4287-9DAD-C59D816CBD0E}.Release|Any CPU.ActiveCfg = Release|Any CPU
		{9394BCDA-B9C4-4287-9DAD-C59D816CBD0E}.Release|Any CPU.Build.0 = Release|Any CPU
		{01978962-D5BE-4606-99C8-C5BD72AB0212}.Debug|Any CPU.ActiveCfg = Debug|Any CPU
		{01978962-D5BE-4606-99C8-C5BD72AB0212}.Debug|Any CPU.Build.0 = Debug|Any CPU
		{01978962-D5BE-4606-99C8-C5BD72AB0212}.Release|Any CPU.ActiveCfg = Release|Any CPU
		{01978962-D5BE-4606-99C8-C5BD72AB0212}.Release|Any CPU.Build.0 = Release|Any CPU
		{03EFF385-037D-4B37-92B7-C4E7CAB96E0E}.Debug|Any CPU.ActiveCfg = Debug|Any CPU
		{03EFF385-037D-4B37-92B7-C4E7CAB96E0E}.Debug|Any CPU.Build.0 = Debug|Any CPU
		{03EFF385-037D-4B37-92B7-C4E7CAB96E0E}.Release|Any CPU.ActiveCfg = Release|Any CPU
		{03EFF385-037D-4B37-92B7-C4E7CAB96E0E}.Release|Any CPU.Build.0 = Release|Any CPU
	EndGlobalSection
	GlobalSection(SolutionProperties) = preSolution
		HideSolutionNode = FALSE
	EndGlobalSection
	GlobalSection(ExtensibilityGlobals) = postSolution
		SolutionGuid = {A9A05F62-95C0-4D8B-A78C-9685CB1998DB}
	EndGlobalSection
EndGlobal
